// !$*UTF8*$!
{
	archiveVersion = 1;
	classes = {
	};
	objectVersion = 56;
	objects = {

/* Begin PBXBuildFile section */
		1A0000000000000000000101 /* AnkiConceptApp.swift in Sources */ = {isa = PBXBuildFile; fileRef = 1A0000000000000000000201 /* AnkiConceptApp.swift */; };
		1A0000000000000000000102 /* Theme.swift in Sources */ = {isa = PBXBuildFile; fileRef = 1A0000000000000000000202 /* Theme.swift */; };
		1A0000000000000000000103 /* Models.swift in Sources */ = {isa = PBXBuildFile; fileRef = 1A0000000000000000000203 /* Models.swift */; };
		1A0000000000000000000104 /* RootView.swift in Sources */ = {isa = PBXBuildFile; fileRef = 1A0000000000000000000204 /* RootView.swift */; };
		1A0000000000000000000105 /* StudyView.swift in Sources */ = {isa = PBXBuildFile; fileRef = 1A0000000000000000000205 /* StudyView.swift */; };
		1A0000000000000000000106 /* HandwritingCanvas.swift in Sources */ = {isa = PBXBuildFile; fileRef = 1A0000000000000000000206 /* HandwritingCanvas.swift */; };
		1A0000000000000000000109 /* HandwritingView.swift in Sources */ = {isa = PBXBuildFile; fileRef = 1A0000000000000000000209 /* HandwritingView.swift */; };
		1A0000000000000000000108 /* Assets.xcassets in Resources */ = {isa = PBXBuildFile; fileRef = 1A0000000000000000000208 /* Assets.xcassets */; };
		1A000000000000000000010A /* Web in Resources */ = {isa = PBXBuildFile; fileRef = 1A000000000000000000020A /* Web */; };
/* End PBXBuildFile section */

/* Begin PBXFileReference section */
		1A0000000000000000000201 /* AnkiConceptApp.swift */ = {isa = PBXFileReference; lastKnownFileType = sourcecode.swift; path = AnkiConceptApp.swift; sourceTree = "<group>"; };
		1A0000000000000000000202 /* Theme.swift */ = {isa = PBXFileReference; lastKnownFileType = sourcecode.swift; path = Theme.swift; sourceTree = "<group>"; };
		1A0000000000000000000203 /* Models.swift */ = {isa = PBXFileReference; lastKnownFileType = sourcecode.swift; path = Models.swift; sourceTree = "<group>"; };
		1A0000000000000000000204 /* RootView.swift */ = {isa = PBXFileReference; lastKnownFileType = sourcecode.swift; path = RootView.swift; sourceTree = "<group>"; };
		1A0000000000000000000205 /* StudyView.swift */ = {isa = PBXFileReference; lastKnownFileType = sourcecode.swift; path = StudyView.swift; sourceTree = "<group>"; };
		1A0000000000000000000206 /* HandwritingCanvas.swift */ = {isa = PBXFileReference; lastKnownFileType = sourcecode.swift; path = HandwritingCanvas.swift; sourceTree = "<group>"; };
		1A0000000000000000000209 /* HandwritingView.swift */ = {isa = PBXFileReference; lastKnownFileType = sourcecode.swift; path = HandwritingView.swift; sourceTree = "<group>"; };
		1A0000000000000000000208 /* Assets.xcassets */ = {isa = PBXFileReference; lastKnownFileType = folder.assetcatalog; path = Assets.xcassets; sourceTree = "<group>"; };
		1A000000000000000000020A /* Web */ = {isa = PBXFileReference; lastKnownFileType = folder; path = Web; sourceTree = "<group>"; };
		1A0000000000000000000301 /* AnkiConcept.app */ = {isa = PBXFileReference; explicitFileType = wrapper.application; includeInIndex = 0; path = AnkiConcept.app; sourceTree = BUILT_PRODUCTS_DIR; };
/* End PBXFileReference section */

/* Begin PBXFrameworksBuildPhase section */
		1A0000000000000000000502 /* Frameworks */ = {
			isa = PBXFrameworksBuildPhase;
			buildActionMask = 2147483647;
			files = (
			);
			runOnlyForDeploymentPostprocessing = 0;
		};
/* End PBXFrameworksBuildPhase section */

/* Begin PBXGroup section */
		1A0000000000000000000401 = {
			isa = PBXGroup;
			children = (
				1A0000000000000000000402 /* AnkiConcept */,
				1A0000000000000000000403 /* Products */,
			);
			sourceTree = "<group>";
		};
		1A0000000000000000000402 /* AnkiConcept */ = {
			isa = PBXGroup;
			children = (
				1A0000000000000000000201 /* AnkiConceptApp.swift */,
				1A0000000000000000000202 /* Theme.swift */,
				1A0000000000000000000203 /* Models.swift */,
				1A0000000000000000000204 /* RootView.swift */,
				1A0000000000000000000205 /* StudyView.swift */,
				1A0000000000000000000206 /* HandwritingCanvas.swift */,
				1A0000000000000000000209 /* HandwritingView.swift */,
				1A0000000000000000000208 /* Assets.xcassets */,
				1A000000000000000000020A /* Web */,
			);
			path = AnkiConcept;
			sourceTree = "<group>";
		};
		1A0000000000000000000403 /* Products */ = {
			isa = PBXGroup;
			children = (
				1A0000000000000000000301 /* AnkiConcept.app */,
			);
			name = Products;
			sourceTree = "<group>";
		};
/* End PBXGroup section */

/* Begin PBXNativeTarget section */
		1A0000000000000000000601 /* AnkiConcept */ = {
			isa = PBXNativeTarget;
			buildConfigurationList = 1A0000000000000000000802 /* Build configuration list for PBXNativeTarget "AnkiConcept" */;
			buildPhases = (
				1A0000000000000000000501 /* Sources */,
				1A0000000000000000000502 /* Frameworks */,
				1A0000000000000000000503 /* Resources */,
			);
			buildRules = (
			);
			dependencies = (
			);
			name = AnkiConcept;
			productName = AnkiConcept;
			productReference = 1A0000000000000000000301 /* AnkiConcept.app */;
			productType = "com.apple.product-type.application";
		};
/* End PBXNativeTarget section */

/* Begin PBXProject section */
		1A0000000000000000000701 /* Project object */ = {
			isa = PBXProject;
			attributes = {
				BuildIndependentTargetsInParallel = 1;
				LastSwiftUpdateCheck = 1640;
				LastUpgradeCheck = 1640;
				TargetAttributes = {
					1A0000000000000000000601 = {
						CreatedOnToolsVersion = 16.4;
					};
				};
			};
			buildConfigurationList = 1A0000000000000000000801 /* Build configuration list for PBXProject "AnkiConcept" */;
			compatibilityVersion = "Xcode 14.0";
			developmentRegion = en;
			hasScannedForEncodings = 0;
			knownRegions = (
				en,
				Base,
			);
			mainGroup = 1A0000000000000000000401;
			productRefGroup = 1A0000000000000000000403 /* Products */;
			projectDirPath = "";
			projectRoot = "";
			targets = (
				1A0000000000000000000601 /* AnkiConcept */,
			);
		};
/* End PBXProject section */

/* Begin PBXResourcesBuildPhase section */
		1A0000000000000000000503 /* Resources */ = {
			isa = PBXResourcesBuildPhase;
			buildActionMask = 2147483647;
			files = (
				1A0000000000000000000108 /* Assets.xcassets in Resources */,
				1A000000000000000000010A /* Web in Resources */,
			);
			runOnlyForDeploymentPostprocessing = 0;
		};
/* End PBXResourcesBuildPhase section */

/* Begin PBXSourcesBuildPhase section */
		1A0000000000000000000501 /* Sources */ = {
			isa = PBXSourcesBuildPhase;
			buildActionMask = 2147483647;
			files = (
				1A0000000000000000000101 /* AnkiConceptApp.swift in Sources */,
				1A0000000000000000000102 /* Theme.swift in Sources */,
				1A0000000000000000000103 /* Models.swift in Sources */,
				1A0000000000000000000104 /* RootView.swift in Sources */,
				1A0000000000000000000105 /* StudyView.swift in Sources */,
				1A0000000000000000000106 /* HandwritingCanvas.swift in Sources */,
				1A0000000000000000000109 /* HandwritingView.swift in Sources */,
			);
			runOnlyForDeploymentPostprocessing = 0;
		};
/* End PBXSourcesBuildPhase section */

/* Begin XCBuildConfiguration section */
		1A0000000000000000000901 /* Debug */ = {
			isa = XCBuildConfiguration;
			buildSettings = {
				ALWAYS_SEARCH_USER_PATHS = NO;
				ASSETCATALOG_COMPILER_GENERATE_SWIFT_ASSET_SYMBOL_EXTENSIONS = YES;
				CLANG_ANALYZER_NONNULL = YES;
				CLANG_ANALYZER_NUMBER_OBJECT_CONVERSION = YES_AGGRESSIVE;
				CLANG_ENABLE_MODULES = YES;
				CLANG_ENABLE_OBJC_ARC = YES;
				CLANG_ENABLE_OBJC_WEAK = YES;
				CLANG_WARN_BOOL_CONVERSION = YES;
				CLANG_WARN_DOCUMENTATION_COMMENTS = YES;
				CLANG_WARN_UNGUARDED_AVAILABILITY = YES_AGGRESSIVE;
				COPY_PHASE_STRIP = NO;
				DEBUG_INFORMATION_FORMAT = dwarf;
				ENABLE_STRICT_OBJC_MSGSEND = YES;
				ENABLE_TESTABILITY = YES;
				ENABLE_USER_SCRIPT_SANDBOXING = YES;
				GCC_C_LANGUAGE_STANDARD = gnu17;
				GCC_DYNAMIC_NO_PIC = NO;
				GCC_NO_COMMON_BLOCKS = YES;
				GCC_OPTIMIZATION_LEVEL = 0;
				GCC_PREPROCESSOR_DEFINITIONS = (
					"DEBUG=1",
					"$(inherited)",
				);
				IPHONEOS_DEPLOYMENT_TARGET = 17.0;
				MTL_ENABLE_DEBUG_INFO = INCLUDE_SOURCE;
				MTL_FAST_MATH = YES;
				ONLY_ACTIVE_ARCH = YES;
				SDKROOT = iphoneos;
				SWIFT_ACTIVE_COMPILATION_CONDITIONS = "DEBUG $(inherited)";
				SWIFT_OPTIMIZATION_LEVEL = "-Onone";
			};
			name = Debug;
		};
		1A0000000000000000000902 /* Release */ = {
			isa = XCBuildConfiguration;
			buildSettings = {
				ALWAYS_SEARCH_USER_PATHS = NO;
				ASSETCATALOG_COMPILER_GENERATE_SWIFT_ASSET_SYMBOL_EXTENSIONS = YES;
				CLANG_ANALYZER_NONNULL = YES;
				CLANG_ANALYZER_NUMBER_OBJECT_CONVERSION = YES_AGGRESSIVE;
				CLANG_ENABLE_MODULES = YES;
				CLANG_ENABLE_OBJC_ARC = YES;
				CLANG_ENABLE_OBJC_WEAK = YES;
				CLANG_WARN_BOOL_CONVERSION = YES;
				CLANG_WARN_DOCUMENTATION_COMMENTS = YES;
				CLANG_WARN_UNGUARDED_AVAILABILITY = YES_AGGRESSIVE;
				COPY_PHASE_STRIP = NO;
				DEBUG_INFORMATION_FORMAT = "dwarf-with-dsym";
				ENABLE_NS_ASSERTIONS = NO;
				ENABLE_STRICT_OBJC_MSGSEND = YES;
				ENABLE_USER_SCRIPT_SANDBOXING = YES;
				GCC_C_LANGUAGE_STANDARD = gnu17;
				GCC_NO_COMMON_BLOCKS = YES;
				IPHONEOS_DEPLOYMENT_TARGET = 17.0;
				MTL_ENABLE_DEBUG_INFO = NO;
				MTL_FAST_MATH = YES;
				SDKROOT = iphoneos;
				SWIFT_COMPILATION_MODE = wholemodule;
				VALIDATE_PRODUCT = YES;
			};
			name = Release;
		};
		1A0000000000000000000903 /* Debug */ = {
			isa = XCBuildConfiguration;
			buildSettings = {
				ASSETCATALOG_COMPILER_APPICON_NAME = AppIcon;
				ASSETCATALOG_COMPILER_GLOBAL_ACCENT_COLOR_NAME = AccentColor;
				CODE_SIGN_STYLE = Automatic;
				CURRENT_PROJECT_VERSION = 1;
				GENERATE_INFOPLIST_FILE = YES;
				INFOPLIST_KEY_UIApplicationSceneManifest_Generation = YES;
				INFOPLIST_KEY_UIApplicationSupportsIndirectInputEvents = YES;
				INFOPLIST_KEY_UILaunchScreen_Generation = YES;
				INFOPLIST_KEY_UISupportedInterfaceOrientations_iPad = "UIInterfaceOrientationPortrait UIInterfaceOrientationPortraitUpsideDown UIInterfaceOrientationLandscapeLeft UIInterfaceOrientationLandscapeRight";
				LD_RUNPATH_SEARCH_PATHS = (
					"$(inherited)",
					"@executable_path/Frameworks",
				);
				MARKETING_VERSION = 1.0;
				PRODUCT_BUNDLE_IDENTIFIER = net.ankiweb.concept.AnkiConcept;
				PRODUCT_NAME = "$(TARGET_NAME)";
				SWIFT_EMIT_LOC_STRINGS = YES;
				SWIFT_VERSION = 5.0;
				TARGETED_DEVICE_FAMILY = 2;
			};
			name = Debug;
		};
		1A0000000000000000000904 /* Release */ = {
			isa = XCBuildConfiguration;
			buildSettings = {
				ASSETCATALOG_COMPILER_APPICON_NAME = AppIcon;
				ASSETCATALOG_COMPILER_GLOBAL_ACCENT_COLOR_NAME = AccentColor;
				CODE_SIGN_STYLE = Automatic;
				CURRENT_PROJECT_VERSION = 1;
				GENERATE_INFOPLIST_FILE = YES;
				INFOPLIST_KEY_UIApplicationSceneManifest_Generation = YES;
				INFOPLIST_KEY_UIApplicationSupportsIndirectInputEvents = YES;
				INFOPLIST_KEY_UILaunchScreen_Generation = YES;
				INFOPLIST_KEY_UISupportedInterfaceOrientations_iPad = "UIInterfaceOrientationPortrait UIInterfaceOrientationPortraitUpsideDown UIInterfaceOrientationLandscapeLeft UIInterfaceOrientationLandscapeRight";
				LD_RUNPATH_SEARCH_PATHS = (
					"$(inherited)",
					"@executable_path/Frameworks",
				);
				MARKETING_VERSION = 1.0;
				PRODUCT_BUNDLE_IDENTIFIER = net.ankiweb.concept.AnkiConcept;
				PRODUCT_NAME = "$(TARGET_NAME)";
				SWIFT_EMIT_LOC_STRINGS = YES;
				SWIFT_VERSION = 5.0;
				TARGETED_DEVICE_FAMILY = 2;
			};
			name = Release;
		};
/* End XCBuildConfiguration section */

/* Begin XCConfigurationList section */
		1A0000000000000000000801 /* Build configuration list for PBXProject "AnkiConcept" */ = {
			isa = XCConfigurationList;
			buildConfigurations = (
				1A0000000000000000000901 /* Debug */,
				1A0000000000000000000902 /* Release */,
			);
			defaultConfigurationIsVisible = 0;
			defaultConfigurationName = Release;
		};
		1A0000000000000000000802 /* Build configuration list for PBXNativeTarget "AnkiConcept" */ = {
			isa = XCConfigurationList;
			buildConfigurations = (
				1A0000000000000000000903 /* Debug */,
				1A0000000000000000000904 /* Release */,
			);
			defaultConfigurationIsVisible = 0;
			defaultConfigurationName = Release;
		};
/* End XCConfigurationList section */
	};
	rootObject = 1A0000000000000000000701 /* Project object */;
}
